
Microsoft Visual Studio Solution File, Format Version 12.00
# Visual Studio 2013
VisualStudioVersion = 12.0.31101.0
MinimumVisualStudioVersion = 10.0.40219.1
Project("{8BC9CEB8-8B4A-11D0-8D11-00A0C91BC942}") = "astares.game", "astares.game\astares.game.vcxproj", "{A5AC13DD-43E9-4E05-B58C-192D6F6BD6DF}"
EndProject
Project("{8BC9CEB8-8B4A-11D0-8D11-00A0C91BC942}") = "astares.core", "astares.core\astares.core.vcxproj", "{F80942B0-EE2C-4BA2-838C-8BB4094CD262}"
EndProject
Project("{8BC9CEB8-8B4A-11D0-8D11-00A0C91BC942}") = "astares.framework", "astares.framework\astares.framework.vcxproj", "{70493F2F-C34C-466B-980E-7B2406ADACA0}"
EndProject
Project("{8BC9CEB8-8B4A-11D0-8D11-00A0C91BC942}") = "astares.core.test", "astares.core.test\astares.core.test.vcxproj", "{82DEAF6A-CBA7-40E2-9801-55ACE37611FA}"
EndProject
Project("{8BC9CEB8-8B4A-11D0-8D11-00A0C91BC942}") = "astares.framework.test", "astares.framework.test\astares.framework.test.vcxproj", "{BE56D8E9-C359-45B4-846D-7E3B728617DE}"
EndProject
Global
	GlobalSection(SolutionConfigurationPlatforms) = preSolution
		Debug|Win32 = Debug|Win32
		Debug|x64 = Debug|x64
		Release|Win32 = Release|Win32
		Release|x64 = Release|x64
	EndGlobalSection
	GlobalSection(ProjectConfigurationPlatforms) = postSolution
		{A5AC13DD-43E9-4E05-B58C-192D6F6BD6DF}.Debug|Win32.ActiveCfg = Debug|Win32
		{A5AC13DD-43E9-4E05-B58C-192D6F6BD6DF}.Debug|Win32.Build.0 = Debug|Win32
		{A5AC13DD-43E9-4E05-B58C-192D6F6BD6DF}.Debug|x64.ActiveCfg = Debug|Win32
		{A5AC13DD-43E9-4E05-B58C-192D6F6BD6DF}.Release|Win32.ActiveCfg = Release|Win32
		{A5AC13DD-43E9-4E05-B58C-192D6F6BD6DF}.Release|Win32.Build.0 = Release|Win32
		{A5AC13DD-43E9-4E05-B58C-192D6F6BD6DF}.Release|x64.ActiveCfg = Release|Win32
		{F80942B0-EE2C-4BA2-838C-8BB4094CD262}.Debug|Win32.ActiveCfg = Debug|Win32
		{F80942B0-EE2C-4BA2-838C-8BB4094CD262}.Debug|Win32.Build.0 = Debug|Win32
		{F80942B0-EE2C-4BA2-838C-8BB4094CD262}.Debug|x64.ActiveCfg = Debug|Win32
		{F80942B0-EE2C-4BA2-838C-8BB4094CD262}.Release|Win32.ActiveCfg = Release|Win32
		{F80942B0-EE2C-4BA2-838C-8BB4094CD262}.Release|Win32.Build.0 = Release|Win32
		{F80942B0-EE2C-4BA2-838C-8BB4094CD262}.Release|x64.ActiveCfg = Release|Win32
		{70493F2F-C34C-466B-980E-7B2406ADACA0}.Debug|Win32.ActiveCfg = Debug|Win32
		{70493F2F-C34C-466B-980E-7B2406ADACA0}.Debug|Win32.Build.0 = Debug|Win32
		{70493F2F-C34C-466B-980E-7B2406ADACA0}.Debug|x64.ActiveCfg = Debug|Win32
		{70493F2F-C34C-466B-980E-7B2406ADACA0}.Release|Win32.ActiveCfg = Release|Win32
		{70493F2F-C34C-466B-980E-7B2406ADACA0}.Release|Win32.Build.0 = Release|Win32
		{70493F2F-C34C-466B-980E-7B2406ADACA0}.Release|x64.ActiveCfg = Release|Win32
		{82DEAF6A-CBA7-40E2-9801-55ACE37611FA}.Debug|Win32.ActiveCfg = Debug|Win32
		{82DEAF6A-CBA7-40E2-9801-55ACE37611FA}.Debug|Win32.Build.0 = Debug|Win32
		{82DEAF6A-CBA7-40E2-9801-55ACE37611FA}.Debug|x64.ActiveCfg = Debug|Win32
		{82DEAF6A-CBA7-40E2-9801-55ACE37611FA}.Release|Win32.ActiveCfg = Release|Win32
		{82DEAF6A-CBA7-40E2-9801-55ACE37611FA}.Release|Win32.Build.0 = Release|Win32
		{82DEAF6A-CBA7-40E2-9801-55ACE37611FA}.Release|x64.ActiveCfg = Release|Win32
		{BE56D8E9-C359-45B4-846D-7E3B728617DE}.Debug|Win32.ActiveCfg = Debug|Win32
		{BE56D8E9-C359-45B4-846D-7E3B728617DE}.Debug|Win32.Build.0 = Debug|Win32
		{BE56D8E9-C359-45B4-846D-7E3B728617DE}.Debug|x64.ActiveCfg = Debug|Win32
		{BE56D8E9-C359-45B4-846D-7E3B728617DE}.Release|Win32.ActiveCfg = Release|Win32
		{BE56D8E9-C359-45B4-846D-7E3B728617DE}.Release|Win32.Build.0 = Release|Win32
		{BE56D8E9-C359-45B4-846D-7E3B728617DE}.Release|x64.ActiveCfg = Release|Win32
	EndGlobalSection
	GlobalSection(SolutionProperties) = preSolution
		HideSolutionNode = FALSE
	EndGlobalSection
EndGlobal
