<?xml version="1.0" encoding="utf-8"?>
<Project ToolsVersion="4.0" xmlns="http://schemas.microsoft.com/developer/msbuild/2003">
  <ItemGroup>
    <Filter Include="Source Files">
      <UniqueIdentifier>{4FC737F1-C7A5-4376-A066-2A32D752A2FF}</UniqueIdentifier>
      <Extensions>cpp;c;cc;cxx;def;odl;idl;hpj;bat;asm;asmx</Extensions>
    </Filter>
    <Filter Include="Header Files">
      <UniqueIdentifier>{93995380-89BD-4b04-88EB-625FBE52EBFB}</UniqueIdentifier>
      <Extensions>h;hh;hpp;hxx;hm;inl;inc;xsd</Extensions>
    </Filter>
    <Filter Include="Resource Files">
      <UniqueIdentifier>{67DA6AB6-F800-4c08-8B7A-83BB121AAD01}</UniqueIdentifier>
      <Extensions>rc;ico;cur;bmp;dlg;rc2;rct;bin;rgs;gif;jpg;jpeg;jpe;resx;tiff;tif;png;wav;mfcribbon-ms</Extensions>
    </Filter>
    <Filter Include="Source Files\Object">
      <UniqueIdentifier>{a35936ed-99fe-42ab-b330-caa8051c7d91}</UniqueIdentifier>
    </Filter>
    <Filter Include="Header Files\Framework">
      <UniqueIdentifier>{8c22c70f-8ea1-4c52-b600-319964c87b6a}</UniqueIdentifier>
    </Filter>
    <Filter Include="Header Files\Framework\Audio">
      <UniqueIdentifier>{51b85177-75e0-44d9-8a8b-adddf21620d2}</UniqueIdentifier>
    </Filter>
    <Filter Include="Header Files\Framework\Gameplay">
      <UniqueIdentifier>{5fff3040-882d-4a07-8840-6e76741abc5c}</UniqueIdentifier>
    </Filter>
    <Filter Include="Header Files\Framework\Graphics">
      <UniqueIdentifier>{f0deff1a-79f7-4b7b-b0b3-11f7ec200fcf}</UniqueIdentifier>
    </Filter>
    <Filter Include="Header Files\Framework\Input">
      <UniqueIdentifier>{2f90dc30-672d-4cac-9ff1-9c776b923fc8}</UniqueIdentifier>
    </Filter>
    <Filter Include="Header Files\Framework\Log">
      <UniqueIdentifier>{d0505e0a-ffa5-43a7-aaa2-c0d66e0a2f50}</UniqueIdentifier>
    </Filter>
    <Filter Include="Header Files\Framework\Math">
      <UniqueIdentifier>{0bbf3896-b5fb-4e14-9f0c-436f63b31028}</UniqueIdentifier>
    </Filter>
    <Filter Include="Header Files\Framework\Messaging">
      <UniqueIdentifier>{e6b64b6e-4669-4be7-b62c-8b6e37469f62}</UniqueIdentifier>
    </Filter>
    <Filter Include="Header Files\Framework\Network">
      <UniqueIdentifier>{4daca03d-349d-4845-9756-ac7545211e17}</UniqueIdentifier>
    </Filter>
    <Filter Include="Header Files\Framework\Physics">
      <UniqueIdentifier>{58534b7a-7a76-4649-bf63-312746c9e5ea}</UniqueIdentifier>
    </Filter>
    <Filter Include="Header Files\Framework\Reflection">
      <UniqueIdentifier>{872e00df-1b62-47da-86cf-56a0557ecf9e}</UniqueIdentifier>
    </Filter>
    <Filter Include="Header Files\Framework\Serialization">
      <UniqueIdentifier>{9f75abd9-613c-4e4d-a994-e408bbc6f6c0}</UniqueIdentifier>
    </Filter>
    <Filter Include="Source Files\Framework">
      <UniqueIdentifier>{184d500a-96e1-4a97-b488-216a9ae98db4}</UniqueIdentifier>
    </Filter>
    <Filter Include="Source Files\Framework\Audio">
      <UniqueIdentifier>{82f7cc1c-597e-4d7e-bfa6-669a4cf06132}</UniqueIdentifier>
    </Filter>
    <Filter Include="Source Files\Framework\Gameplay">
      <UniqueIdentifier>{abe6029d-8abf-4b14-b670-52786d1104cb}</UniqueIdentifier>
    </Filter>
    <Filter Include="Source Files\Framework\Graphics">
      <UniqueIdentifier>{6239d0db-3975-4faf-9673-85168ee9ba1e}</UniqueIdentifier>
    </Filter>
    <Filter Include="Source Files\Framework\Input">
      <UniqueIdentifier>{51d0769b-79aa-4993-bf69-2afd8367e392}</UniqueIdentifier>
    </Filter>
    <Filter Include="Source Files\Framework\Log">
      <UniqueIdentifier>{a941087e-7475-4939-b360-41aed1695e7d}</UniqueIdentifier>
    </Filter>
    <Filter Include="Source Files\Framework\Math">
      <UniqueIdentifier>{f515a029-7277-4f42-af17-c23187cc882a}</UniqueIdentifier>
    </Filter>
    <Filter Include="Source Files\Framework\Messaging">
      <UniqueIdentifier>{0a6ce9d2-60c3-454f-a11e-969c270766b5}</UniqueIdentifier>
    </Filter>
    <Filter Include="Source Files\Framework\Network">
      <UniqueIdentifier>{a9b5f876-7af7-43bf-93bb-55d5ab3a6eb0}</UniqueIdentifier>
    </Filter>
    <Filter Include="Source Files\Framework\Physics">
      <UniqueIdentifier>{b5b16035-b2fe-4416-9e30-b46882560fa6}</UniqueIdentifier>
    </Filter>
    <Filter Include="Source Files\Framework\Reflection">
      <UniqueIdentifier>{83c559b1-7fa7-4f66-a926-b520d8b05d0f}</UniqueIdentifier>
    </Filter>
    <Filter Include="Source Files\Framework\Serialization">
      <UniqueIdentifier>{a22e55e9-1c7c-433c-a43a-e3e632d7630c}</UniqueIdentifier>
    </Filter>
    <Filter Include="Header Files\Object">
      <UniqueIdentifier>{72b5d953-e669-4fc6-bb27-2fe54d74d544}</UniqueIdentifier>
    </Filter>
    <Filter Include="Header Files\Core">
      <UniqueIdentifier>{093792c7-eb4d-49a6-a245-4e7a05e11a63}</UniqueIdentifier>
    </Filter>
    <Filter Include="Source Files\Core">
      <UniqueIdentifier>{6984bdc1-f6ed-41bc-861b-e82054003ca0}</UniqueIdentifier>
    </Filter>
  </ItemGroup>
  <ItemGroup>
    <Text Include="ReadMe.txt" />
  </ItemGroup>
  <ItemGroup>
    <ClInclude Include="stdafx.h">
      <Filter>Header Files</Filter>
    </ClInclude>
    <ClInclude Include="targetver.h">
      <Filter>Header Files</Filter>
    </ClInclude>
    <ClInclude Include="messaging\MessageHub.h">
      <Filter>Header Files\Framework\Messaging</Filter>
    </ClInclude>
    <ClInclude Include="messaging\Message.h">
      <Filter>Header Files\Framework\Messaging</Filter>
    </ClInclude>
    <ClInclude Include="math\Math.h">
      <Filter>Header Files\Framework\Math</Filter>
    </ClInclude>
    <ClInclude Include="math\Vector2.h">
      <Filter>Header Files\Framework\Math</Filter>
    </ClInclude>
    <ClInclude Include="math\Vector3.h">
      <Filter>Header Files\Framework\Math</Filter>
    </ClInclude>
    <ClInclude Include="math\Plane.h">
      <Filter>Header Files\Framework\Math</Filter>
    </ClInclude>
    <ClInclude Include="math\Ray3.h">
      <Filter>Header Files\Framework\Math</Filter>
    </ClInclude>
    <ClInclude Include="math\Ray2.h">
      <Filter>Header Files\Framework\Math</Filter>
    </ClInclude>
    <ClInclude Include="math\Matrix3.h">
      <Filter>Header Files\Framework\Math</Filter>
    </ClInclude>
    <ClInclude Include="math\Matrix4.h">
      <Filter>Header Files\Framework\Math</Filter>
    </ClInclude>
    <ClInclude Include="math\Vector4.h">
      <Filter>Header Files\Framework\Math</Filter>
    </ClInclude>
    <ClInclude Include="gameplay\GameObject.h">
      <Filter>Header Files\Framework\Gameplay</Filter>
    </ClInclude>
    <ClInclude Include="gameplay\GameComponent.h">
      <Filter>Header Files\Framework\Gameplay</Filter>
    </ClInclude>
    <ClInclude Include="math\Vector.h">
      <Filter>Header Files\Framework\Math</Filter>
    </ClInclude>
    <ClInclude Include="math\Geometry.h">
      <Filter>Header Files\Framework\Math</Filter>
    </ClInclude>
    <ClInclude Include="math\Matrix.h">
      <Filter>Header Files\Framework\Math</Filter>
    </ClInclude>
    <ClInclude Include="math\Matrix2.h">
      <Filter>Header Files\Framework\Math</Filter>
    </ClInclude>
    <ClInclude Include="math\Transform.h">
      <Filter>Header Files\Framework\Math</Filter>
    </ClInclude>
    <ClInclude Include="math\Quaternion.h">
      <Filter>Header Files\Framework\Math</Filter>
    </ClInclude>
    <ClInclude Include="gameplay\TransformComponent.h">
      <Filter>Header Files\Framework\Gameplay</Filter>
    </ClInclude>
    <ClInclude Include="graphics\VertexBuffer.h">
      <Filter>Header Files\Framework\Graphics</Filter>
    </ClInclude>
    <ClInclude Include="graphics\IndexBuffer.h">
      <Filter>Header Files\Framework\Graphics</Filter>
    </ClInclude>
    <ClInclude Include="network\ISocket.h">
      <Filter>Header Files\Framework\Network</Filter>
    </ClInclude>
    <ClInclude Include="network\Address.h">
      <Filter>Header Files\Framework\Network</Filter>
    </ClInclude>
    <ClInclude Include="network\UDPSocket.h">
      <Filter>Header Files\Framework\Network</Filter>
    </ClInclude>
    <ClInclude Include="network\CoreSocket.h">
      <Filter>Header Files\Framework\Network</Filter>
    </ClInclude>
    <ClInclude Include="network\Packet.h">
      <Filter>Header Files\Framework\Network</Filter>
    </ClInclude>
    <ClInclude Include="network\UDPListener.h">
      <Filter>Header Files\Framework\Network</Filter>
    </ClInclude>
    <ClInclude Include="network\NetworkMessage.h">
      <Filter>Header Files\Framework\Network</Filter>
    </ClInclude>
    <ClInclude Include="network\UDPSender.h">
      <Filter>Header Files\Framework\Network</Filter>
    </ClInclude>
    <ClInclude Include="log\ILogger.h">
      <Filter>Header Files\Framework\Log</Filter>
    </ClInclude>
    <ClInclude Include="log\CommonLogger.h">
      <Filter>Header Files\Framework\Log</Filter>
    </ClInclude>
    <ClInclude Include="math\Box.h">
      <Filter>Header Files\Framework\Math</Filter>
    </ClInclude>
    <ClInclude Include="math\Sphere.h">
      <Filter>Header Files\Framework\Math</Filter>
    </ClInclude>
    <ClInclude Include="math\Hull.h">
      <Filter>Header Files\Framework\Math</Filter>
    </ClInclude>
    <ClInclude Include="physics\Particle.h">
      <Filter>Header Files\Framework\Physics</Filter>
    </ClInclude>
    <ClInclude Include="physics\IPhysicsTickable.h">
      <Filter>Header Files\Framework\Physics</Filter>
    </ClInclude>
    <ClInclude Include="physics\IForceGenerator.h">
      <Filter>Header Files\Framework\Physics</Filter>
    </ClInclude>
    <ClInclude Include="physics\GravityForceGenerator.h">
      <Filter>Header Files\Framework\Physics</Filter>
    </ClInclude>
    <ClInclude Include="physics\DragForceGenerator.h">
      <Filter>Header Files\Framework\Physics</Filter>
    </ClInclude>
    <ClInclude Include="physics\SpringForceGenerator.h">
      <Filter>Header Files\Framework\Physics</Filter>
    </ClInclude>
    <ClInclude Include="physics\BaseForceGenerator.h">
      <Filter>Header Files\Framework\Physics</Filter>
    </ClInclude>
    <ClInclude Include="physics\AnchoredSpringForceGenerator.h">
      <Filter>Header Files\Framework\Physics</Filter>
    </ClInclude>
    <ClInclude Include="physics\BungeeSpringForceGenerator.h">
      <Filter>Header Files\Framework\Physics</Filter>
    </ClInclude>
    <ClInclude Include="physics\BouyancyForceGenerator.h">
      <Filter>Header Files\Framework\Physics</Filter>
    </ClInclude>
    <ClInclude Include="physics\Contact.h">
      <Filter>Header Files\Framework\Physics</Filter>
    </ClInclude>
    <ClInclude Include="gameplay\Player.h">
      <Filter>Header Files\Framework\Gameplay</Filter>
    </ClInclude>
    <ClInclude Include="core\ISubsystem.h">
      <Filter>Header Files\Core</Filter>
    </ClInclude>
    <ClInclude Include="core\Config.h">
      <Filter>Header Files\Core</Filter>
    </ClInclude>
    <ClInclude Include="core\File.h">
      <Filter>Header Files\Core</Filter>
    </ClInclude>
    <ClInclude Include="core\System.h">
      <Filter>Header Files\Core</Filter>
    </ClInclude>
    <ClInclude Include="audio\IAudioSystem.h">
      <Filter>Header Files\Framework\Audio</Filter>
    </ClInclude>
    <ClInclude Include="graphics\IRenderSystem.h">
      <Filter>Header Files\Framework\Graphics</Filter>
    </ClInclude>
    <ClInclude Include="audio\AudioAsset.h">
      <Filter>Header Files\Framework\Audio</Filter>
    </ClInclude>
    <ClInclude Include="audio\SDLWAVAudioSystem.h">
      <Filter>Header Files\Framework\Audio</Filter>
    </ClInclude>
    <ClInclude Include="input\IInputSystem.h">
      <Filter>Header Files\Framework\Input</Filter>
    </ClInclude>
    <ClInclude Include="input\SDLInputSystem.h">
      <Filter>Header Files\Framework\Input</Filter>
    </ClInclude>
    <ClInclude Include="input\KeyState.h">
      <Filter>Header Files\Framework\Input</Filter>
    </ClInclude>
    <ClInclude Include="graphics\SDLRenderSystem.h">
      <Filter>Header Files\Framework\Graphics</Filter>
    </ClInclude>
    <ClInclude Include="reflection\Variant.h">
      <Filter>Header Files\Framework\Reflection</Filter>
    </ClInclude>
    <ClInclude Include="serialization\ArrayHelper.h">
      <Filter>Header Files\Framework\Serialization</Filter>
    </ClInclude>
    <ClInclude Include="serialization\StringHelper.h">
      <Filter>Header Files\Framework\Serialization</Filter>
    </ClInclude>
    <ClInclude Include="core\Enum.h">
      <Filter>Header Files\Core</Filter>
    </ClInclude>
    <ClInclude Include="core\Types.h">
      <Filter>Header Files\Core</Filter>
    </ClInclude>
    <ClInclude Include="object\Object.h">
      <Filter>Header Files\Object</Filter>
    </ClInclude>
    <ClInclude Include="object\ObjectFactory.h">
      <Filter>Header Files\Object</Filter>
    </ClInclude>
    <ClInclude Include="reflection\Reflection.h">
      <Filter>Header Files\Framework\Reflection</Filter>
    </ClInclude>
    <ClInclude Include="reflection\IReflector.h">
      <Filter>Header Files\Framework\Reflection</Filter>
    </ClInclude>
    <ClInclude Include="reflection\IReflectionInfo.h">
      <Filter>Header Files\Framework\Reflection</Filter>
    </ClInclude>
    <ClInclude Include="reflection\PropertyVariant.h">
      <Filter>Header Files\Framework\Reflection</Filter>
    </ClInclude>
    <ClInclude Include="messaging\Topic.h">
      <Filter>Header Files\Framework\Messaging</Filter>
    </ClInclude>
    <ClInclude Include="input\KeyEvent.h">
      <Filter>Header Files\Framework\Input</Filter>
    </ClInclude>
    <ClInclude Include="reflection\Reflector.h">
      <Filter>Header Files\Framework\Reflection</Filter>
    </ClInclude>
    <ClInclude Include="audio\SoundType.h">
      <Filter>Header Files\Framework\Audio</Filter>
    </ClInclude>
    <ClInclude Include="serialization\IObjectSerializer.h">
      <Filter>Header Files\Framework\Serialization</Filter>
    </ClInclude>
    <ClInclude Include="serialization\JSONSerializer.h">
      <Filter>Header Files\Framework\Serialization</Filter>
    </ClInclude>
    <ClInclude Include="core\Export.h">
      <Filter>Header Files\Core</Filter>
    </ClInclude>
  </ItemGroup>
  <ItemGroup>
    <ClCompile Include="stdafx.cpp">
      <Filter>Source Files</Filter>
    </ClCompile>
    <ClCompile Include="messaging\MessageHub.cpp">
      <Filter>Source Files\Framework\Messaging</Filter>
    </ClCompile>
    <ClCompile Include="math\Math.cpp">
      <Filter>Source Files\Framework\Math</Filter>
    </ClCompile>
    <ClCompile Include="math\Vector2.cpp">
      <Filter>Source Files\Framework\Math</Filter>
    </ClCompile>
    <ClCompile Include="math\Vector3.cpp">
      <Filter>Source Files\Framework\Math</Filter>
    </ClCompile>
    <ClCompile Include="math\Ray2.cpp">
      <Filter>Source Files\Framework\Math</Filter>
    </ClCompile>
    <ClCompile Include="math\Ray3.cpp">
      <Filter>Source Files\Framework\Math</Filter>
    </ClCompile>
    <ClCompile Include="math\Plane.cpp">
      <Filter>Source Files\Framework\Math</Filter>
    </ClCompile>
    <ClCompile Include="math\Matrix3.cpp">
      <Filter>Source Files\Framework\Math</Filter>
    </ClCompile>
    <ClCompile Include="math\Matrix4.cpp">
      <Filter>Source Files\Framework\Math</Filter>
    </ClCompile>
    <ClCompile Include="math\Vector4.cpp">
      <Filter>Source Files\Framework\Math</Filter>
    </ClCompile>
    <ClCompile Include="gameplay\GameObject.cpp">
      <Filter>Source Files\Framework\Gameplay</Filter>
    </ClCompile>
    <ClCompile Include="gameplay\GameComponent.cpp">
      <Filter>Source Files\Framework\Gameplay</Filter>
    </ClCompile>
    <ClCompile Include="math\Vector.cpp">
      <Filter>Source Files\Framework\Math</Filter>
    </ClCompile>
    <ClCompile Include="math\Geometry.cpp">
      <Filter>Source Files\Framework\Math</Filter>
    </ClCompile>
    <ClCompile Include="math\Matrix.cpp">
      <Filter>Source Files\Framework\Math</Filter>
    </ClCompile>
    <ClCompile Include="math\Matrix2.cpp">
      <Filter>Source Files\Framework\Math</Filter>
    </ClCompile>
    <ClCompile Include="math\Transform.cpp">
      <Filter>Source Files\Framework\Math</Filter>
    </ClCompile>
    <ClCompile Include="math\Quaternion.cpp">
      <Filter>Source Files\Framework\Math</Filter>
    </ClCompile>
    <ClCompile Include="gameplay\TransformComponent.cpp">
      <Filter>Source Files\Framework\Gameplay</Filter>
    </ClCompile>
    <ClCompile Include="graphics\VertexBuffer.cpp">
      <Filter>Source Files\Framework\Graphics</Filter>
    </ClCompile>
    <ClCompile Include="graphics\IndexBuffer.cpp">
      <Filter>Source Files\Framework\Graphics</Filter>
    </ClCompile>
    <ClCompile Include="network\CoreSocket.cpp">
      <Filter>Source Files\Framework\Network</Filter>
    </ClCompile>
    <ClCompile Include="network\UDPSocket.cpp">
      <Filter>Source Files\Framework\Network</Filter>
    </ClCompile>
    <ClCompile Include="network\Packet.cpp">
      <Filter>Source Files\Framework\Network</Filter>
    </ClCompile>
    <ClCompile Include="network\Address.cpp">
      <Filter>Source Files\Framework\Network</Filter>
    </ClCompile>
    <ClCompile Include="network\UDPListener.cpp">
      <Filter>Source Files\Framework\Network</Filter>
    </ClCompile>
    <ClCompile Include="network\NetworkMessage.cpp">
      <Filter>Source Files\Framework\Network</Filter>
    </ClCompile>
    <ClCompile Include="network\UDPSender.cpp">
      <Filter>Source Files\Framework\Network</Filter>
    </ClCompile>
    <ClCompile Include="log\CommonLogger.cpp">
      <Filter>Source Files\Framework\Log</Filter>
    </ClCompile>
    <ClCompile Include="physics\Particle.cpp">
      <Filter>Source Files\Framework\Physics</Filter>
    </ClCompile>
    <ClCompile Include="physics\GravityForceGenerator.cpp">
      <Filter>Source Files\Framework\Physics</Filter>
    </ClCompile>
    <ClCompile Include="physics\DragForceGenerator.cpp">
      <Filter>Source Files\Framework\Physics</Filter>
    </ClCompile>
    <ClCompile Include="physics\BaseForceGenerator.cpp">
      <Filter>Source Files\Framework\Physics</Filter>
    </ClCompile>
    <ClCompile Include="physics\SpringForceGenerator.cpp">
      <Filter>Source Files\Framework\Physics</Filter>
    </ClCompile>
    <ClCompile Include="physics\AnchoredSpringForceGenerator.cpp">
      <Filter>Source Files\Framework\Physics</Filter>
    </ClCompile>
    <ClCompile Include="physics\BungeeSpringForceGenerator.cpp">
      <Filter>Source Files\Framework\Physics</Filter>
    </ClCompile>
    <ClCompile Include="physics\BouyancyForceGenerator.cpp">
      <Filter>Source Files\Framework\Physics</Filter>
    </ClCompile>
    <ClCompile Include="physics\Contact.cpp">
      <Filter>Source Files\Framework\Physics</Filter>
    </ClCompile>
    <ClCompile Include="gameplay\Player.cpp">
      <Filter>Source Files\Framework\Gameplay</Filter>
    </ClCompile>
    <ClCompile Include="core\Config.cpp">
      <Filter>Source Files\Core</Filter>
    </ClCompile>
    <ClCompile Include="core\File.cpp">
      <Filter>Source Files\Core</Filter>
    </ClCompile>
    <ClCompile Include="core\System.cpp">
      <Filter>Source Files\Core</Filter>
    </ClCompile>
    <ClCompile Include="messaging\Message.cpp">
      <Filter>Source Files\Framework\Messaging</Filter>
    </ClCompile>
    <ClCompile Include="audio\AudioAsset.cpp">
      <Filter>Source Files\Framework\Audio</Filter>
    </ClCompile>
    <ClCompile Include="audio\SDLWAVAudioSystem.cpp">
      <Filter>Source Files\Framework\Audio</Filter>
    </ClCompile>
    <ClCompile Include="input\SDLInputSystem.cpp">
      <Filter>Source Files\Framework\Input</Filter>
    </ClCompile>
    <ClCompile Include="reflection\Variant.cpp">
      <Filter>Source Files\Framework\Reflection</Filter>
    </ClCompile>
    <ClCompile Include="serialization\StringHelper.cpp">
      <Filter>Source Files\Framework\Serialization</Filter>
    </ClCompile>
    <ClCompile Include="object\Object.cpp">
      <Filter>Source Files\Object</Filter>
    </ClCompile>
    <ClCompile Include="object\ObjectFactory.cpp">
      <Filter>Source Files\Object</Filter>
    </ClCompile>
    <ClCompile Include="reflection\PropertyVariant.cpp">
      <Filter>Source Files\Framework\Reflection</Filter>
    </ClCompile>
    <ClCompile Include="messaging\Topic.cpp">
      <Filter>Source Files\Framework\Messaging</Filter>
    </ClCompile>
    <ClCompile Include="input\KeyEvent.cpp">
      <Filter>Source Files\Framework\Input</Filter>
    </ClCompile>
    <ClCompile Include="reflection\Reflector.cpp">
      <Filter>Source Files\Framework\Reflection</Filter>
    </ClCompile>
    <ClCompile Include="core\Types.cpp">
      <Filter>Source Files\Core</Filter>
    </ClCompile>
    <ClCompile Include="serialization\JSONSerializer.cpp">
      <Filter>Source Files\Framework\Serialization</Filter>
    </ClCompile>
  </ItemGroup>
</Project>